
Microsoft Visual Studio Solution File, Format Version 12.00
# Visual Studio 15
VisualStudioVersion = 15.0.28010.0
MinimumVisualStudioVersion = 10.0.40219.1
Project("{9A19103F-16F7-4668-BE54-9A1E7A4F7556}") = "PalotaInterviewCS", "PalotaAssessment-DataConsoleCountries-master\PalotaInterviewCS\PalotaInterviewCS.csproj", "{0D717F20-3EBD-450A-B585-CB9A9BA4BABA}"
EndProject
Global
	GlobalSection(SolutionConfigurationPlatforms) = preSolution
		Debug|Any CPU = Debug|Any CPU
		Release|Any CPU = Release|Any CPU
	EndGlobalSection
	GlobalSection(ProjectConfigurationPlatforms) = postSolution
		{0D717F20-3EBD-450A-B585-CB9A9BA4BABA}.Debug|Any CPU.ActiveCfg = Debug|Any CPU
		{0D717F20-3EBD-450A-B585-CB9A9BA4BABA}.Debug|Any CPU.Build.0 = Debug|Any CPU
		{0D717F20-3EBD-450A-B585-CB9A9BA4BABA}.Release|Any CPU.ActiveCfg = Release|Any CPU
		{0D717F20-3EBD-450A-B585-CB9A9BA4BABA}.Release|Any CPU.Build.0 = Release|Any CPU
	EndGlobalSection
	GlobalSection(SolutionProperties) = preSolution
		HideSolutionNode = FALSE
	EndGlobalSection
	GlobalSection(ExtensibilityGlobals) = postSolution
		SolutionGuid = {5DD37A43-943D-42A1-817E-936C4D8B4310}
	EndGlobalSection
EndGlobal
